// !$*UTF8*$!
{
	archiveVersion = 1;
	classes = {
	};
	objectVersion = 50;
	objects = {

/* Begin PBXBuildFile section */
		459BA45B26390FD900CD52BC /* AppDelegate.swift in Sources */ = {isa = PBXBuildFile; fileRef = 459BA45A26390FD900CD52BC /* AppDelegate.swift */; };
		459BA45D26390FD900CD52BC /* SceneDelegate.swift in Sources */ = {isa = PBXBuildFile; fileRef = 459BA45C26390FD900CD52BC /* SceneDelegate.swift */; };
		459BA45F26390FD900CD52BC /* ViewController.swift in Sources */ = {isa = PBXBuildFile; fileRef = 459BA45E26390FD900CD52BC /* ViewController.swift */; };
		459BA46226390FD900CD52BC /* Main.storyboard in Resources */ = {isa = PBXBuildFile; fileRef = 459BA46026390FD900CD52BC /* Main.storyboard */; };
		459BA46526390FD900CD52BC /* MyMediaApp.xcdatamodeld in Sources */ = {isa = PBXBuildFile; fileRef = 459BA46326390FD900CD52BC /* MyMediaApp.xcdatamodeld */; };
		459BA46726390FE000CD52BC /* Assets.xcassets in Resources */ = {isa = PBXBuildFile; fileRef = 459BA46626390FE000CD52BC /* Assets.xcassets */; };
		459BA46A26390FE000CD52BC /* LaunchScreen.storyboard in Resources */ = {isa = PBXBuildFile; fileRef = 459BA46826390FE000CD52BC /* LaunchScreen.storyboard */; };
		459BA47526390FE000CD52BC /* MyMediaAppTests.swift in Sources */ = {isa = PBXBuildFile; fileRef = 459BA47426390FE000CD52BC /* MyMediaAppTests.swift */; };
		459BA48026390FE100CD52BC /* MyMediaAppUITests.swift in Sources */ = {isa = PBXBuildFile; fileRef = 459BA47F26390FE100CD52BC /* MyMediaAppUITests.swift */; };
/* End PBXBuildFile section */

/* Begin PBXContainerItemProxy section */
		459BA47126390FE000CD52BC /* PBXContainerItemProxy */ = {
			isa = PBXContainerItemProxy;
			containerPortal = 459BA44F26390FD900CD52BC /* Project object */;
			proxyType = 1;
			remoteGlobalIDString = 459BA45626390FD900CD52BC;
			remoteInfo = MyMediaApp;
		};
		459BA47C26390FE100CD52BC /* PBXContainerItemProxy */ = {
			isa = PBXContainerItemProxy;
			containerPortal = 459BA44F26390FD900CD52BC /* Project object */;
			proxyType = 1;
			remoteGlobalIDString = 459BA45626390FD900CD52BC;
			remoteInfo = MyMediaApp;
		};
/* End PBXContainerItemProxy section */

/* Begin PBXFileReference section */
		459BA45726390FD900CD52BC /* MyMediaApp.app */ = {isa = PBXFileReference; explicitFileType = wrapper.application; includeInIndex = 0; path = MyMediaApp.app; sourceTree = BUILT_PRODUCTS_DIR; };
		459BA45A26390FD900CD52BC /* AppDelegate.swift */ = {isa = PBXFileReference; lastKnownFileType = sourcecode.swift; path = AppDelegate.swift; sourceTree = "<group>"; };
		459BA45C26390FD900CD52BC /* SceneDelegate.swift */ = {isa = PBXFileReference; lastKnownFileType = sourcecode.swift; path = SceneDelegate.swift; sourceTree = "<group>"; };
		459BA45E26390FD900CD52BC /* ViewController.swift */ = {isa = PBXFileReference; lastKnownFileType = sourcecode.swift; path = ViewController.swift; sourceTree = "<group>"; };
		459BA46126390FD900CD52BC /* Base */ = {isa = PBXFileReference; lastKnownFileType = file.storyboard; name = Base; path = Base.lproj/Main.storyboard; sourceTree = "<group>"; };
		459BA46426390FD900CD52BC /* MyMediaApp.xcdatamodel */ = {isa = PBXFileReference; lastKnownFileType = wrapper.xcdatamodel; path = MyMediaApp.xcdatamodel; sourceTree = "<group>"; };
		459BA46626390FE000CD52BC /* Assets.xcassets */ = {isa = PBXFileReference; lastKnownFileType = folder.assetcatalog; path = Assets.xcassets; sourceTree = "<group>"; };
		459BA46926390FE000CD52BC /* Base */ = {isa = PBXFileReference; lastKnownFileType = file.storyboard; name = Base; path = Base.lproj/LaunchScreen.storyboard; sourceTree = "<group>"; };
		459BA46B26390FE000CD52BC /* Info.plist */ = {isa = PBXFileReference; lastKnownFileType = text.plist.xml; path = Info.plist; sourceTree = "<group>"; };
		459BA47026390FE000CD52BC /* MyMediaAppTests.xctest */ = {isa = PBXFileReference; explicitFileType = wrapper.cfbundle; includeInIndex = 0; path = MyMediaAppTests.xctest; sourceTree = BUILT_PRODUCTS_DIR; };
		459BA47426390FE000CD52BC /* MyMediaAppTests.swift */ = {isa = PBXFileReference; lastKnownFileType = sourcecode.swift; path = MyMediaAppTests.swift; sourceTree = "<group>"; };
		459BA47626390FE000CD52BC /* Info.plist */ = {isa = PBXFileReference; lastKnownFileType = text.plist.xml; path = Info.plist; sourceTree = "<group>"; };
		459BA47B26390FE100CD52BC /* MyMediaAppUITests.xctest */ = {isa = PBXFileReference; explicitFileType = wrapper.cfbundle; includeInIndex = 0; path = MyMediaAppUITests.xctest; sourceTree = BUILT_PRODUCTS_DIR; };
		459BA47F26390FE100CD52BC /* MyMediaAppUITests.swift */ = {isa = PBXFileReference; lastKnownFileType = sourcecode.swift; path = MyMediaAppUITests.swift; sourceTree = "<group>"; };
		459BA48126390FE100CD52BC /* Info.plist */ = {isa = PBXFileReference; lastKnownFileType = text.plist.xml; path = Info.plist; sourceTree = "<group>"; };
/* End PBXFileReference section */

/* Begin PBXFrameworksBuildPhase section */
		459BA45426390FD900CD52BC /* Frameworks */ = {
			isa = PBXFrameworksBuildPhase;
			buildActionMask = 2147483647;
			files = (
			);
			runOnlyForDeploymentPostprocessing = 0;
		};
		459BA46D26390FE000CD52BC /* Frameworks */ = {
			isa = PBXFrameworksBuildPhase;
			buildActionMask = 2147483647;
			files = (
			);
			runOnlyForDeploymentPostprocessing = 0;
		};
		459BA47826390FE100CD52BC /* Frameworks */ = {
			isa = PBXFrameworksBuildPhase;
			buildActionMask = 2147483647;
			files = (
			);
			runOnlyForDeploymentPostprocessing = 0;
		};
/* End PBXFrameworksBuildPhase section */

/* Begin PBXGroup section */
		459BA44E26390FD900CD52BC = {
			isa = PBXGroup;
			children = (
				459BA45926390FD900CD52BC /* MyMediaApp */,
				459BA47326390FE000CD52BC /* MyMediaAppTests */,
				459BA47E26390FE100CD52BC /* MyMediaAppUITests */,
				459BA45826390FD900CD52BC /* Products */,
			);
			sourceTree = "<group>";
		};
		459BA45826390FD900CD52BC /* Products */ = {
			isa = PBXGroup;
			children = (
				459BA45726390FD900CD52BC /* MyMediaApp.app */,
				459BA47026390FE000CD52BC /* MyMediaAppTests.xctest */,
				459BA47B26390FE100CD52BC /* MyMediaAppUITests.xctest */,
			);
			name = Products;
			sourceTree = "<group>";
		};
		459BA45926390FD900CD52BC /* MyMediaApp */ = {
			isa = PBXGroup;
			children = (
				459BA45A26390FD900CD52BC /* AppDelegate.swift */,
				459BA45C26390FD900CD52BC /* SceneDelegate.swift */,
				459BA45E26390FD900CD52BC /* ViewController.swift */,
				459BA46026390FD900CD52BC /* Main.storyboard */,
				459BA46626390FE000CD52BC /* Assets.xcassets */,
				459BA46826390FE000CD52BC /* LaunchScreen.storyboard */,
				459BA46B26390FE000CD52BC /* Info.plist */,
				459BA46326390FD900CD52BC /* MyMediaApp.xcdatamodeld */,
			);
			path = MyMediaApp;
			sourceTree = "<group>";
		};
		459BA47326390FE000CD52BC /* MyMediaAppTests */ = {
			isa = PBXGroup;
			children = (
				459BA47426390FE000CD52BC /* MyMediaAppTests.swift */,
				459BA47626390FE000CD52BC /* Info.plist */,
			);
			path = MyMediaAppTests;
			sourceTree = "<group>";
		};
		459BA47E26390FE100CD52BC /* MyMediaAppUITests */ = {
			isa = PBXGroup;
			children = (
				459BA47F26390FE100CD52BC /* MyMediaAppUITests.swift */,
				459BA48126390FE100CD52BC /* Info.plist */,
			);
			path = MyMediaAppUITests;
			sourceTree = "<group>";
		};
/* End PBXGroup section */

/* Begin PBXNativeTarget section */
		459BA45626390FD900CD52BC /* MyMediaApp */ = {
			isa = PBXNativeTarget;
			buildConfigurationList = 459BA48426390FE100CD52BC /* Build configuration list for PBXNativeTarget "MyMediaApp" */;
			buildPhases = (
				459BA45326390FD900CD52BC /* Sources */,
				459BA45426390FD900CD52BC /* Frameworks */,
				459BA45526390FD900CD52BC /* Resources */,
			);
			buildRules = (
			);
			dependencies = (
			);
			name = MyMediaApp;
			productName = MyMediaApp;
			productReference = 459BA45726390FD900CD52BC /* MyMediaApp.app */;
			productType = "com.apple.product-type.application";
		};
		459BA46F26390FE000CD52BC /* MyMediaAppTests */ = {
			isa = PBXNativeTarget;
			buildConfigurationList = 459BA48726390FE100CD52BC /* Build configuration list for PBXNativeTarget "MyMediaAppTests" */;
			buildPhases = (
				459BA46C26390FE000CD52BC /* Sources */,
				459BA46D26390FE000CD52BC /* Frameworks */,
				459BA46E26390FE000CD52BC /* Resources */,
			);
			buildRules = (
			);
			dependencies = (
				459BA47226390FE000CD52BC /* PBXTargetDependency */,
			);
			name = MyMediaAppTests;
			productName = MyMediaAppTests;
			productReference = 459BA47026390FE000CD52BC /* MyMediaAppTests.xctest */;
			productType = "com.apple.product-type.bundle.unit-test";
		};
		459BA47A26390FE100CD52BC /* MyMediaAppUITests */ = {
			isa = PBXNativeTarget;
			buildConfigurationList = 459BA48A26390FE100CD52BC /* Build configuration list for PBXNativeTarget "MyMediaAppUITests" */;
			buildPhases = (
				459BA47726390FE100CD52BC /* Sources */,
				459BA47826390FE100CD52BC /* Frameworks */,
				459BA47926390FE100CD52BC /* Resources */,
			);
			buildRules = (
			);
			dependencies = (
				459BA47D26390FE100CD52BC /* PBXTargetDependency */,
			);
			name = MyMediaAppUITests;
			productName = MyMediaAppUITests;
			productReference = 459BA47B26390FE100CD52BC /* MyMediaAppUITests.xctest */;
			productType = "com.apple.product-type.bundle.ui-testing";
		};
/* End PBXNativeTarget section */

/* Begin PBXProject section */
		459BA44F26390FD900CD52BC /* Project object */ = {
			isa = PBXProject;
			attributes = {
				LastSwiftUpdateCheck = 1150;
				LastUpgradeCheck = 1150;
				ORGANIZATIONNAME = harsh_TTN;
				TargetAttributes = {
					459BA45626390FD900CD52BC = {
						CreatedOnToolsVersion = 11.5;
					};
					459BA46F26390FE000CD52BC = {
						CreatedOnToolsVersion = 11.5;
						TestTargetID = 459BA45626390FD900CD52BC;
					};
					459BA47A26390FE100CD52BC = {
						CreatedOnToolsVersion = 11.5;
						TestTargetID = 459BA45626390FD900CD52BC;
					};
				};
			};
			buildConfigurationList = 459BA45226390FD900CD52BC /* Build configuration list for PBXProject "MyMediaApp" */;
			compatibilityVersion = "Xcode 9.3";
			developmentRegion = en;
			hasScannedForEncodings = 0;
			knownRegions = (
				en,
				Base,
			);
			mainGroup = 459BA44E26390FD900CD52BC;
			productRefGroup = 459BA45826390FD900CD52BC /* Products */;
			projectDirPath = "";
			projectRoot = "";
			targets = (
				459BA45626390FD900CD52BC /* MyMediaApp */,
				459BA46F26390FE000CD52BC /* MyMediaAppTests */,
				459BA47A26390FE100CD52BC /* MyMediaAppUITests */,
			);
		};
/* End PBXProject section */

/* Begin PBXResourcesBuildPhase section */
		459BA45526390FD900CD52BC /* Resources */ = {
			isa = PBXResourcesBuildPhase;
			buildActionMask = 2147483647;
			files = (
				459BA46A26390FE000CD52BC /* LaunchScreen.storyboard in Resources */,
				459BA46726390FE000CD52BC /* Assets.xcassets in Resources */,
				459BA46226390FD900CD52BC /* Main.storyboard in Resources */,
			);
			runOnlyForDeploymentPostprocessing = 0;
		};
		459BA46E26390FE000CD52BC /* Resources */ = {
			isa = PBXResourcesBuildPhase;
			buildActionMask = 2147483647;
			files = (
			);
			runOnlyForDeploymentPostprocessing = 0;
		};
		459BA47926390FE100CD52BC /* Resources */ = {
			isa = PBXResourcesBuildPhase;
			buildActionMask = 2147483647;
			files = (
			);
			runOnlyForDeploymentPostprocessing = 0;
		};
/* End PBXResourcesBuildPhase section */

/* Begin PBXSourcesBuildPhase section */
		459BA45326390FD900CD52BC /* Sources */ = {
			isa = PBXSourcesBuildPhase;
			buildActionMask = 2147483647;
			files = (
				459BA45F26390FD900CD52BC /* ViewController.swift in Sources */,
				459BA45B26390FD900CD52BC /* AppDelegate.swift in Sources */,
				459BA46526390FD900CD52BC /* MyMediaApp.xcdatamodeld in Sources */,
				459BA45D26390FD900CD52BC /* SceneDelegate.swift in Sources */,
			);
			runOnlyForDeploymentPostprocessing = 0;
		};
		459BA46C26390FE000CD52BC /* Sources */ = {
			isa = PBXSourcesBuildPhase;
			buildActionMask = 2147483647;
			files = (
				459BA47526390FE000CD52BC /* MyMediaAppTests.swift in Sources */,
			);
			runOnlyForDeploymentPostprocessing = 0;
		};
		459BA47726390FE100CD52BC /* Sources */ = {
			isa = PBXSourcesBuildPhase;
			buildActionMask = 2147483647;
			files = (
				459BA48026390FE100CD52BC /* MyMediaAppUITests.swift in Sources */,
			);
			runOnlyForDeploymentPostprocessing = 0;
		};
/* End PBXSourcesBuildPhase section */

/* Begin PBXTargetDependency section */
		459BA47226390FE000CD52BC /* PBXTargetDependency */ = {
			isa = PBXTargetDependency;
			target = 459BA45626390FD900CD52BC /* MyMediaApp */;
			targetProxy = 459BA47126390FE000CD52BC /* PBXContainerItemProxy */;
		};
		459BA47D26390FE100CD52BC /* PBXTargetDependency */ = {
			isa = PBXTargetDependency;
			target = 459BA45626390FD900CD52BC /* MyMediaApp */;
			targetProxy = 459BA47C26390FE100CD52BC /* PBXContainerItemProxy */;
		};
/* End PBXTargetDependency section */

/* Begin PBXVariantGroup section */
		459BA46026390FD900CD52BC /* Main.storyboard */ = {
			isa = PBXVariantGroup;
			children = (
				459BA46126390FD900CD52BC /* Base */,
			);
			name = Main.storyboard;
			sourceTree = "<group>";
		};
		459BA46826390FE000CD52BC /* LaunchScreen.storyboard */ = {
			isa = PBXVariantGroup;
			children = (
				459BA46926390FE000CD52BC /* Base */,
			);
			name = LaunchScreen.storyboard;
			sourceTree = "<group>";
		};
/* End PBXVariantGroup section */

/* Begin XCBuildConfiguration section */
		459BA48226390FE100CD52BC /* Debug */ = {
			isa = XCBuildConfiguration;
			buildSettings = {
				ALWAYS_SEARCH_USER_PATHS = NO;
				CLANG_ANALYZER_NONNULL = YES;
				CLANG_ANALYZER_NUMBER_OBJECT_CONVERSION = YES_AGGRESSIVE;
				CLANG_CXX_LANGUAGE_STANDARD = "gnu++14";
				CLANG_CXX_LIBRARY = "libc++";
				CLANG_ENABLE_MODULES = YES;
				CLANG_ENABLE_OBJC_ARC = YES;
				CLANG_ENABLE_OBJC_WEAK = YES;
				CLANG_WARN_BLOCK_CAPTURE_AUTORELEASING = YES;
				CLANG_WARN_BOOL_CONVERSION = YES;
				CLANG_WARN_COMMA = YES;
				CLANG_WARN_CONSTANT_CONVERSION = YES;
				CLANG_WARN_DEPRECATED_OBJC_IMPLEMENTATIONS = YES;
				CLANG_WARN_DIRECT_OBJC_ISA_USAGE = YES_ERROR;
				CLANG_WARN_DOCUMENTATION_COMMENTS = YES;
				CLANG_WARN_EMPTY_BODY = YES;
				CLANG_WARN_ENUM_CONVERSION = YES;
				CLANG_WARN_INFINITE_RECURSION = YES;
				CLANG_WARN_INT_CONVERSION = YES;
				CLANG_WARN_NON_LITERAL_NULL_CONVERSION = YES;
				CLANG_WARN_OBJC_IMPLICIT_RETAIN_SELF = YES;
				CLANG_WARN_OBJC_LITERAL_CONVERSION = YES;
				CLANG_WARN_OBJC_ROOT_CLASS = YES_ERROR;
				CLANG_WARN_RANGE_LOOP_ANALYSIS = YES;
				CLANG_WARN_STRICT_PROTOTYPES = YES;
				CLANG_WARN_SUSPICIOUS_MOVE = YES;
				CLANG_WARN_UNGUARDED_AVAILABILITY = YES_AGGRESSIVE;
				CLANG_WARN_UNREACHABLE_CODE = YES;
				CLANG_WARN__DUPLICATE_METHOD_MATCH = YES;
				COPY_PHASE_STRIP = NO;
				DEBUG_INFORMATION_FORMAT = dwarf;
				ENABLE_STRICT_OBJC_MSGSEND = YES;
				ENABLE_TESTABILITY = YES;
				GCC_C_LANGUAGE_STANDARD = gnu11;
				GCC_DYNAMIC_NO_PIC = NO;
				GCC_NO_COMMON_BLOCKS = YES;
				GCC_OPTIMIZATION_LEVEL = 0;
				GCC_PREPROCESSOR_DEFINITIONS = (
					"DEBUG=1",
					"$(inherited)",
				);
				GCC_WARN_64_TO_32_BIT_CONVERSION = YES;
				GCC_WARN_ABOUT_RETURN_TYPE = YES_ERROR;
				GCC_WARN_UNDECLARED_SELECTOR = YES;
				GCC_WARN_UNINITIALIZED_AUTOS = YES_AGGRESSIVE;
				GCC_WARN_UNUSED_FUNCTION = YES;
				GCC_WARN_UNUSED_VARIABLE = YES;
				IPHONEOS_DEPLOYMENT_TARGET = 13.5;
				MTL_ENABLE_DEBUG_INFO = INCLUDE_SOURCE;
				MTL_FAST_MATH = YES;
				ONLY_ACTIVE_ARCH = YES;
				SDKROOT = iphoneos;
				SWIFT_ACTIVE_COMPILATION_CONDITIONS = DEBUG;
				SWIFT_OPTIMIZATION_LEVEL = "-Onone";
			};
			name = Debug;
		};
		459BA48326390FE100CD52BC /* Release */ = {
			isa = XCBuildConfiguration;
			buildSettings = {
				ALWAYS_SEARCH_USER_PATHS = NO;
				CLANG_ANALYZER_NONNULL = YES;
				CLANG_ANALYZER_NUMBER_OBJECT_CONVERSION = YES_AGGRESSIVE;
				CLANG_CXX_LANGUAGE_STANDARD = "gnu++14";
				CLANG_CXX_LIBRARY = "libc++";
				CLANG_ENABLE_MODULES = YES;
				CLANG_ENABLE_OBJC_ARC = YES;
				CLANG_ENABLE_OBJC_WEAK = YES;
				CLANG_WARN_BLOCK_CAPTURE_AUTORELEASING = YES;
				CLANG_WARN_BOOL_CONVERSION = YES;
				CLANG_WARN_COMMA = YES;
				CLANG_WARN_CONSTANT_CONVERSION = YES;
				CLANG_WARN_DEPRECATED_OBJC_IMPLEMENTATIONS = YES;
				CLANG_WARN_DIRECT_OBJC_ISA_USAGE = YES_ERROR;
				CLANG_WARN_DOCUMENTATION_COMMENTS = YES;
				CLANG_WARN_EMPTY_BODY = YES;
				CLANG_WARN_ENUM_CONVERSION = YES;
				CLANG_WARN_INFINITE_RECURSION = YES;
				CLANG_WARN_INT_CONVERSION = YES;
				CLANG_WARN_NON_LITERAL_NULL_CONVERSION = YES;
				CLANG_WARN_OBJC_IMPLICIT_RETAIN_SELF = YES;
				CLANG_WARN_OBJC_LITERAL_CONVERSION = YES;
				CLANG_WARN_OBJC_ROOT_CLASS = YES_ERROR;
				CLANG_WARN_RANGE_LOOP_ANALYSIS = YES;
				CLANG_WARN_STRICT_PROTOTYPES = YES;
				CLANG_WARN_SUSPICIOUS_MOVE = YES;
				CLANG_WARN_UNGUARDED_AVAILABILITY = YES_AGGRESSIVE;
				CLANG_WARN_UNREACHABLE_CODE = YES;
				CLANG_WARN__DUPLICATE_METHOD_MATCH = YES;
				COPY_PHASE_STRIP = NO;
				DEBUG_INFORMATION_FORMAT = "dwarf-with-dsym";
				ENABLE_NS_ASSERTIONS = NO;
				ENABLE_STRICT_OBJC_MSGSEND = YES;
				GCC_C_LANGUAGE_STANDARD = gnu11;
				GCC_NO_COMMON_BLOCKS = YES;
				GCC_WARN_64_TO_32_BIT_CONVERSION = YES;
				GCC_WARN_ABOUT_RETURN_TYPE = YES_ERROR;
				GCC_WARN_UNDECLARED_SELECTOR = YES;
				GCC_WARN_UNINITIALIZED_AUTOS = YES_AGGRESSIVE;
				GCC_WARN_UNUSED_FUNCTION = YES;
				GCC_WARN_UNUSED_VARIABLE = YES;
				IPHONEOS_DEPLOYMENT_TARGET = 13.5;
				MTL_ENABLE_DEBUG_INFO = NO;
				MTL_FAST_MATH = YES;
				SDKROOT = iphoneos;
				SWIFT_COMPILATION_MODE = wholemodule;
				SWIFT_OPTIMIZATION_LEVEL = "-O";
				VALIDATE_PRODUCT = YES;
			};
			name = Release;
		};
		459BA48526390FE100CD52BC /* Debug */ = {
			isa = XCBuildConfiguration;
			buildSettings = {
				ASSETCATALOG_COMPILER_APPICON_NAME = AppIcon;
				CODE_SIGN_STYLE = Automatic;
				INFOPLIST_FILE = MyMediaApp/Info.plist;
				LD_RUNPATH_SEARCH_PATHS = (
					"$(inherited)",
					"@executable_path/Frameworks",
				);
				PRODUCT_BUNDLE_IDENTIFIER = TTN.MyMediaApp;
				PRODUCT_NAME = "$(TARGET_NAME)";
				SWIFT_VERSION = 5.0;
				TARGETED_DEVICE_FAMILY = "1,2";
			};
			name = Debug;
		};
		459BA48626390FE100CD52BC /* Release */ = {
			isa = XCBuildConfiguration;
			buildSettings = {
				ASSETCATALOG_COMPILER_APPICON_NAME = AppIcon;
				CODE_SIGN_STYLE = Automatic;
				INFOPLIST_FILE = MyMediaApp/Info.plist;
				LD_RUNPATH_SEARCH_PATHS = (
					"$(inherited)",
					"@executable_path/Frameworks",
				);
				PRODUCT_BUNDLE_IDENTIFIER = TTN.MyMediaApp;
				PRODUCT_NAME = "$(TARGET_NAME)";
				SWIFT_VERSION = 5.0;
				TARGETED_DEVICE_FAMILY = "1,2";
			};
			name = Release;
		};
		459BA48826390FE100CD52BC /* Debug */ = {
			isa = XCBuildConfiguration;
			buildSettings = {
				ALWAYS_EMBED_SWIFT_STANDARD_LIBRARIES = YES;
				BUNDLE_LOADER = "$(TEST_HOST)";
				CODE_SIGN_STYLE = Automatic;
				INFOPLIST_FILE = MyMediaAppTests/Info.plist;
				IPHONEOS_DEPLOYMENT_TARGET = 13.5;
				LD_RUNPATH_SEARCH_PATHS = (
					"$(inherited)",
					"@executable_path/Frameworks",
					"@loader_path/Frameworks",
				);
				PRODUCT_BUNDLE_IDENTIFIER = TTN.MyMediaAppTests;
				PRODUCT_NAME = "$(TARGET_NAME)";
				SWIFT_VERSION = 5.0;
				TARGETED_DEVICE_FAMILY = "1,2";
				TEST_HOST = "$(BUILT_PRODUCTS_DIR)/MyMediaApp.app/MyMediaApp";
			};
			name = Debug;
		};
		459BA48926390FE100CD52BC /* Release */ = {
			isa = XCBuildConfiguration;
			buildSettings = {
				ALWAYS_EMBED_SWIFT_STANDARD_LIBRARIES = YES;
				BUNDLE_LOADER = "$(TEST_HOST)";
				CODE_SIGN_STYLE = Automatic;
				INFOPLIST_FILE = MyMediaAppTests/Info.plist;
				IPHONEOS_DEPLOYMENT_TARGET = 13.5;
				LD_RUNPATH_SEARCH_PATHS = (
					"$(inherited)",
					"@executable_path/Frameworks",
					"@loader_path/Frameworks",
				);
				PRODUCT_BUNDLE_IDENTIFIER = TTN.MyMediaAppTests;
				PRODUCT_NAME = "$(TARGET_NAME)";
				SWIFT_VERSION = 5.0;
				TARGETED_DEVICE_FAMILY = "1,2";
				TEST_HOST = "$(BUILT_PRODUCTS_DIR)/MyMediaApp.app/MyMediaApp";
			};
			name = Release;
		};
		459BA48B26390FE100CD52BC /* Debug */ = {
			isa = XCBuildConfiguration;
			buildSettings = {
				ALWAYS_EMBED_SWIFT_STANDARD_LIBRARIES = YES;
				CODE_SIGN_STYLE = Automatic;
				INFOPLIST_FILE = MyMediaAppUITests/Info.plist;
				LD_RUNPATH_SEARCH_PATHS = (
					"$(inherited)",
					"@executable_path/Frameworks",
					"@loader_path/Frameworks",
				);
				PRODUCT_BUNDLE_IDENTIFIER = TTN.MyMediaAppUITests;
				PRODUCT_NAME = "$(TARGET_NAME)";
				SWIFT_VERSION = 5.0;
				TARGETED_DEVICE_FAMILY = "1,2";
				TEST_TARGET_NAME = MyMediaApp;
			};
			name = Debug;
		};
		459BA48C26390FE100CD52BC /* Release */ = {
			isa = XCBuildConfiguration;
			buildSettings = {
				ALWAYS_EMBED_SWIFT_STANDARD_LIBRARIES = YES;
				CODE_SIGN_STYLE = Automatic;
				INFOPLIST_FILE = MyMediaAppUITests/Info.plist;
				LD_RUNPATH_SEARCH_PATHS = (
					"$(inherited)",
					"@executable_path/Frameworks",
					"@loader_path/Frameworks",
				);
				PRODUCT_BUNDLE_IDENTIFIER = TTN.MyMediaAppUITests;
				PRODUCT_NAME = "$(TARGET_NAME)";
				SWIFT_VERSION = 5.0;
				TARGETED_DEVICE_FAMILY = "1,2";
				TEST_TARGET_NAME = MyMediaApp;
			};
			name = Release;
		};
/* End XCBuildConfiguration section */

/* Begin XCConfigurationList section */
		459BA45226390FD900CD52BC /* Build configuration list for PBXProject "MyMediaApp" */ = {
			isa = XCConfigurationList;
			buildConfigurations = (
				459BA48226390FE100CD52BC /* Debug */,
				459BA48326390FE100CD52BC /* Release */,
			);
			defaultConfigurationIsVisible = 0;
			defaultConfigurationName = Release;
		};
		459BA48426390FE100CD52BC /* Build configuration list for PBXNativeTarget "MyMediaApp" */ = {
			isa = XCConfigurationList;
			buildConfigurations = (
				459BA48526390FE100CD52BC /* Debug */,
				459BA48626390FE100CD52BC /* Release */,
			);
			defaultConfigurationIsVisible = 0;
			defaultConfigurationName = Release;
		};
		459BA48726390FE100CD52BC /* Build configuration list for PBXNativeTarget "MyMediaAppTests" */ = {
			isa = XCConfigurationList;
			buildConfigurations = (
				459BA48826390FE100CD52BC /* Debug */,
				459BA48926390FE100CD52BC /* Release */,
			);
			defaultConfigurationIsVisible = 0;
			defaultConfigurationName = Release;
		};
		459BA48A26390FE100CD52BC /* Build configuration list for PBXNativeTarget "MyMediaAppUITests" */ = {
			isa = XCConfigurationList;
			buildConfigurations = (
				459BA48B26390FE100CD52BC /* Debug */,
				459BA48C26390FE100CD52BC /* Release */,
			);
			defaultConfigurationIsVisible = 0;
			defaultConfigurationName = Release;
		};
/* End XCConfigurationList section */

/* Begin XCVersionGroup section */
		459BA46326390FD900CD52BC /* MyMediaApp.xcdatamodeld */ = {
			isa = XCVersionGroup;
			children = (
				459BA46426390FD900CD52BC /* MyMediaApp.xcdatamodel */,
			);
			currentVersion = 459BA46426390FD900CD52BC /* MyMediaApp.xcdatamodel */;
			path = MyMediaApp.xcdatamodeld;
			sourceTree = "<group>";
			versionGroupType = wrapper.xcdatamodel;
		};
/* End XCVersionGroup section */
	};
	rootObject = 459BA44F26390FD900CD52BC /* Project object */;
}
